// !$*UTF8*$!
{
	archiveVersion = 1;
	classes = {
	};
	objectVersion = 56;
	objects = {

/* Begin PBXBuildFile section */
		8478B47C2ABCA7A500F7E8F8 /* Cigar.swift in Sources */ = {isa = PBXBuildFile; fileRef = 8478B47B2ABCA7A500F7E8F8 /* Cigar.swift */; };
		8478B47E2ABCA89100F7E8F8 /* CigarsShopManager.swift in Sources */ = {isa = PBXBuildFile; fileRef = 8478B47D2ABCA89100F7E8F8 /* CigarsShopManager.swift */; };
		84D3A8652ABC8E8E0085D24E /* AppDelegate.swift in Sources */ = {isa = PBXBuildFile; fileRef = 84D3A8642ABC8E8E0085D24E /* AppDelegate.swift */; };
		84D3A8672ABC8E8E0085D24E /* SceneDelegate.swift in Sources */ = {isa = PBXBuildFile; fileRef = 84D3A8662ABC8E8E0085D24E /* SceneDelegate.swift */; };
		84D3A8692ABC8E8E0085D24E /* ViewController.swift in Sources */ = {isa = PBXBuildFile; fileRef = 84D3A8682ABC8E8E0085D24E /* ViewController.swift */; };
		84D3A86C2ABC8E8E0085D24E /* Main.storyboard in Resources */ = {isa = PBXBuildFile; fileRef = 84D3A86A2ABC8E8E0085D24E /* Main.storyboard */; };
		84D3A86E2ABC8E910085D24E /* Assets.xcassets in Resources */ = {isa = PBXBuildFile; fileRef = 84D3A86D2ABC8E910085D24E /* Assets.xcassets */; };
		84D3A8712ABC8E910085D24E /* LaunchScreen.storyboard in Resources */ = {isa = PBXBuildFile; fileRef = 84D3A86F2ABC8E910085D24E /* LaunchScreen.storyboard */; };
/* End PBXBuildFile section */

/* Begin PBXFileReference section */
		8478B47B2ABCA7A500F7E8F8 /* Cigar.swift */ = {isa = PBXFileReference; lastKnownFileType = sourcecode.swift; path = Cigar.swift; sourceTree = "<group>"; };
		8478B47D2ABCA89100F7E8F8 /* CigarsShopManager.swift */ = {isa = PBXFileReference; lastKnownFileType = sourcecode.swift; path = CigarsShopManager.swift; sourceTree = "<group>"; };
		84D3A8612ABC8E8E0085D24E /* MY CIGARS.app */ = {isa = PBXFileReference; explicitFileType = wrapper.application; includeInIndex = 0; path = "MY CIGARS.app"; sourceTree = BUILT_PRODUCTS_DIR; };
		84D3A8642ABC8E8E0085D24E /* AppDelegate.swift */ = {isa = PBXFileReference; lastKnownFileType = sourcecode.swift; path = AppDelegate.swift; sourceTree = "<group>"; };
		84D3A8662ABC8E8E0085D24E /* SceneDelegate.swift */ = {isa = PBXFileReference; lastKnownFileType = sourcecode.swift; path = SceneDelegate.swift; sourceTree = "<group>"; };
		84D3A8682ABC8E8E0085D24E /* ViewController.swift */ = {isa = PBXFileReference; lastKnownFileType = sourcecode.swift; path = ViewController.swift; sourceTree = "<group>"; };
		84D3A86B2ABC8E8E0085D24E /* Base */ = {isa = PBXFileReference; lastKnownFileType = file.storyboard; name = Base; path = Base.lproj/Main.storyboard; sourceTree = "<group>"; };
		84D3A86D2ABC8E910085D24E /* Assets.xcassets */ = {isa = PBXFileReference; lastKnownFileType = folder.assetcatalog; path = Assets.xcassets; sourceTree = "<group>"; };
		84D3A8702ABC8E910085D24E /* Base */ = {isa = PBXFileReference; lastKnownFileType = file.storyboard; name = Base; path = Base.lproj/LaunchScreen.storyboard; sourceTree = "<group>"; };
		84D3A8722ABC8E910085D24E /* Info.plist */ = {isa = PBXFileReference; lastKnownFileType = text.plist.xml; path = Info.plist; sourceTree = "<group>"; };
/* End PBXFileReference section */

/* Begin PBXFrameworksBuildPhase section */
		84D3A85E2ABC8E8E0085D24E /* Frameworks */ = {
			isa = PBXFrameworksBuildPhase;
			buildActionMask = 2147483647;
			files = (
			);
			runOnlyForDeploymentPostprocessing = 0;
		};
/* End PBXFrameworksBuildPhase section */

/* Begin PBXGroup section */
		84D3A8582ABC8E8E0085D24E = {
			isa = PBXGroup;
			children = (
				84D3A8632ABC8E8E0085D24E /* MY CIGARS */,
				84D3A8622ABC8E8E0085D24E /* Products */,
			);
			sourceTree = "<group>";
		};
		84D3A8622ABC8E8E0085D24E /* Products */ = {
			isa = PBXGroup;
			children = (
				84D3A8612ABC8E8E0085D24E /* MY CIGARS.app */,
			);
			name = Products;
			sourceTree = "<group>";
		};
		84D3A8632ABC8E8E0085D24E /* MY CIGARS */ = {
			isa = PBXGroup;
			children = (
				84D3A8642ABC8E8E0085D24E /* AppDelegate.swift */,
				84D3A8662ABC8E8E0085D24E /* SceneDelegate.swift */,
				84D3A8682ABC8E8E0085D24E /* ViewController.swift */,
				8478B47D2ABCA89100F7E8F8 /* CigarsShopManager.swift */,
				84D3A86A2ABC8E8E0085D24E /* Main.storyboard */,
				84D3A86D2ABC8E910085D24E /* Assets.xcassets */,
				84D3A86F2ABC8E910085D24E /* LaunchScreen.storyboard */,
				84D3A8722ABC8E910085D24E /* Info.plist */,
				8478B47B2ABCA7A500F7E8F8 /* Cigar.swift */,
			);
			path = "MY CIGARS";
			sourceTree = "<group>";
		};
/* End PBXGroup section */

/* Begin PBXNativeTarget section */
		84D3A8602ABC8E8E0085D24E /* MY CIGARS */ = {
			isa = PBXNativeTarget;
			buildConfigurationList = 84D3A8752ABC8E910085D24E /* Build configuration list for PBXNativeTarget "MY CIGARS" */;
			buildPhases = (
				84D3A85D2ABC8E8E0085D24E /* Sources */,
				84D3A85E2ABC8E8E0085D24E /* Frameworks */,
				84D3A85F2ABC8E8E0085D24E /* Resources */,
			);
			buildRules = (
			);
			dependencies = (
			);
			name = "MY CIGARS";
			productName = "MY CIGARS";
			productReference = 84D3A8612ABC8E8E0085D24E /* MY CIGARS.app */;
			productType = "com.apple.product-type.application";
		};
/* End PBXNativeTarget section */

/* Begin PBXProject section */
		84D3A8592ABC8E8E0085D24E /* Project object */ = {
			isa = PBXProject;
			attributes = {
				BuildIndependentTargetsInParallel = 1;
				LastSwiftUpdateCheck = 1500;
				LastUpgradeCheck = 1500;
				TargetAttributes = {
					84D3A8602ABC8E8E0085D24E = {
						CreatedOnToolsVersion = 15.0;
					};
				};
			};
			buildConfigurationList = 84D3A85C2ABC8E8E0085D24E /* Build configuration list for PBXProject "MY CIGARS" */;
			compatibilityVersion = "Xcode 14.0";
			developmentRegion = en;
			hasScannedForEncodings = 0;
			knownRegions = (
				en,
				Base,
			);
			mainGroup = 84D3A8582ABC8E8E0085D24E;
			productRefGroup = 84D3A8622ABC8E8E0085D24E /* Products */;
			projectDirPath = "";
			projectRoot = "";
			targets = (
				84D3A8602ABC8E8E0085D24E /* MY CIGARS */,
			);
		};
/* End PBXProject section */

/* Begin PBXResourcesBuildPhase section */
		84D3A85F2ABC8E8E0085D24E /* Resources */ = {
			isa = PBXResourcesBuildPhase;
			buildActionMask = 2147483647;
			files = (
				84D3A8712ABC8E910085D24E /* LaunchScreen.storyboard in Resources */,
				84D3A86E2ABC8E910085D24E /* Assets.xcassets in Resources */,
				84D3A86C2ABC8E8E0085D24E /* Main.storyboard in Resources */,
			);
			runOnlyForDeploymentPostprocessing = 0;
		};
/* End PBXResourcesBuildPhase section */

/* Begin PBXSourcesBuildPhase section */
		84D3A85D2ABC8E8E0085D24E /* Sources */ = {
			isa = PBXSourcesBuildPhase;
			buildActionMask = 2147483647;
			files = (
				8478B47E2ABCA89100F7E8F8 /* CigarsShopManager.swift in Sources */,
				8478B47C2ABCA7A500F7E8F8 /* Cigar.swift in Sources */,
				84D3A8692ABC8E8E0085D24E /* ViewController.swift in Sources */,
				84D3A8652ABC8E8E0085D24E /* AppDelegate.swift in Sources */,
				84D3A8672ABC8E8E0085D24E /* SceneDelegate.swift in Sources */,
			);
			runOnlyForDeploymentPostprocessing = 0;
		};
/* End PBXSourcesBuildPhase section */

/* Begin PBXVariantGroup section */
		84D3A86A2ABC8E8E0085D24E /* Main.storyboard */ = {
			isa = PBXVariantGroup;
			children = (
				84D3A86B2ABC8E8E0085D24E /* Base */,
			);
			name = Main.storyboard;
			sourceTree = "<group>";
		};
		84D3A86F2ABC8E910085D24E /* LaunchScreen.storyboard */ = {
			isa = PBXVariantGroup;
			children = (
				84D3A8702ABC8E910085D24E /* Base */,
			);
			name = LaunchScreen.storyboard;
			sourceTree = "<group>";
		};
/* End PBXVariantGroup section */

/* Begin XCBuildConfiguration section */
		84D3A8732ABC8E910085D24E /* Debug */ = {
			isa = XCBuildConfiguration;
			buildSettings = {
				ALWAYS_SEARCH_USER_PATHS = NO;
				ASSETCATALOG_COMPILER_GENERATE_SWIFT_ASSET_SYMBOL_EXTENSIONS = YES;
				CLANG_ANALYZER_NONNULL = YES;
				CLANG_ANALYZER_NUMBER_OBJECT_CONVERSION = YES_AGGRESSIVE;
				CLANG_CXX_LANGUAGE_STANDARD = "gnu++20";
				CLANG_ENABLE_MODULES = YES;
				CLANG_ENABLE_OBJC_ARC = YES;
				CLANG_ENABLE_OBJC_WEAK = YES;
				CLANG_WARN_BLOCK_CAPTURE_AUTORELEASING = YES;
				CLANG_WARN_BOOL_CONVERSION = YES;
				CLANG_WARN_COMMA = YES;
				CLANG_WARN_CONSTANT_CONVERSION = YES;
				CLANG_WARN_DEPRECATED_OBJC_IMPLEMENTATIONS = YES;
				CLANG_WARN_DIRECT_OBJC_ISA_USAGE = YES_ERROR;
				CLANG_WARN_DOCUMENTATION_COMMENTS = YES;
				CLANG_WARN_EMPTY_BODY = YES;
				CLANG_WARN_ENUM_CONVERSION = YES;
				CLANG_WARN_INFINITE_RECURSION = YES;
				CLANG_WARN_INT_CONVERSION = YES;
				CLANG_WARN_NON_LITERAL_NULL_CONVERSION = YES;
				CLANG_WARN_OBJC_IMPLICIT_RETAIN_SELF = YES;
				CLANG_WARN_OBJC_LITERAL_CONVERSION = YES;
				CLANG_WARN_OBJC_ROOT_CLASS = YES_ERROR;
				CLANG_WARN_QUOTED_INCLUDE_IN_FRAMEWORK_HEADER = YES;
				CLANG_WARN_RANGE_LOOP_ANALYSIS = YES;
				CLANG_WARN_STRICT_PROTOTYPES = YES;
				CLANG_WARN_SUSPICIOUS_MOVE = YES;
				CLANG_WARN_UNGUARDED_AVAILABILITY = YES_AGGRESSIVE;
				CLANG_WARN_UNREACHABLE_CODE = YES;
				CLANG_WARN__DUPLICATE_METHOD_MATCH = YES;
				COPY_PHASE_STRIP = NO;
				DEBUG_INFORMATION_FORMAT = dwarf;
				ENABLE_STRICT_OBJC_MSGSEND = YES;
				ENABLE_TESTABILITY = YES;
				ENABLE_USER_SCRIPT_SANDBOXING = YES;
				GCC_C_LANGUAGE_STANDARD = gnu17;
				GCC_DYNAMIC_NO_PIC = NO;
				GCC_NO_COMMON_BLOCKS = YES;
				GCC_OPTIMIZATION_LEVEL = 0;
				GCC_PREPROCESSOR_DEFINITIONS = (
					"DEBUG=1",
					"$(inherited)",
				);
				GCC_WARN_64_TO_32_BIT_CONVERSION = YES;
				GCC_WARN_ABOUT_RETURN_TYPE = YES_ERROR;
				GCC_WARN_UNDECLARED_SELECTOR = YES;
				GCC_WARN_UNINITIALIZED_AUTOS = YES_AGGRESSIVE;
				GCC_WARN_UNUSED_FUNCTION = YES;
				GCC_WARN_UNUSED_VARIABLE = YES;
				IPHONEOS_DEPLOYMENT_TARGET = 17.0;
				LOCALIZATION_PREFERS_STRING_CATALOGS = YES;
				MTL_ENABLE_DEBUG_INFO = INCLUDE_SOURCE;
				MTL_FAST_MATH = YES;
				ONLY_ACTIVE_ARCH = YES;
				SDKROOT = iphoneos;
				SWIFT_ACTIVE_COMPILATION_CONDITIONS = "DEBUG $(inherited)";
				SWIFT_OPTIMIZATION_LEVEL = "-Onone";
			};
			name = Debug;
		};
		84D3A8742ABC8E910085D24E /* Release */ = {
			isa = XCBuildConfiguration;
			buildSettings = {
				ALWAYS_SEARCH_USER_PATHS = NO;
				ASSETCATALOG_COMPILER_GENERATE_SWIFT_ASSET_SYMBOL_EXTENSIONS = YES;
				CLANG_ANALYZER_NONNULL = YES;
				CLANG_ANALYZER_NUMBER_OBJECT_CONVERSION = YES_AGGRESSIVE;
				CLANG_CXX_LANGUAGE_STANDARD = "gnu++20";
				CLANG_ENABLE_MODULES = YES;
				CLANG_ENABLE_OBJC_ARC = YES;
				CLANG_ENABLE_OBJC_WEAK = YES;
				CLANG_WARN_BLOCK_CAPTURE_AUTORELEASING = YES;
				CLANG_WARN_BOOL_CONVERSION = YES;
				CLANG_WARN_COMMA = YES;
				CLANG_WARN_CONSTANT_CONVERSION = YES;
				CLANG_WARN_DEPRECATED_OBJC_IMPLEMENTATIONS = YES;
				CLANG_WARN_DIRECT_OBJC_ISA_USAGE = YES_ERROR;
				CLANG_WARN_DOCUMENTATION_COMMENTS = YES;
				CLANG_WARN_EMPTY_BODY = YES;
				CLANG_WARN_ENUM_CONVERSION = YES;
				CLANG_WARN_INFINITE_RECURSION = YES;
				CLANG_WARN_INT_CONVERSION = YES;
				CLANG_WARN_NON_LITERAL_NULL_CONVERSION = YES;
				CLANG_WARN_OBJC_IMPLICIT_RETAIN_SELF = YES;
				CLANG_WARN_OBJC_LITERAL_CONVERSION = YES;
				CLANG_WARN_OBJC_ROOT_CLASS = YES_ERROR;
				CLANG_WARN_QUOTED_INCLUDE_IN_FRAMEWORK_HEADER = YES;
				CLANG_WARN_RANGE_LOOP_ANALYSIS = YES;
				CLANG_WARN_STRICT_PROTOTYPES = YES;
				CLANG_WARN_SUSPICIOUS_MOVE = YES;
				CLANG_WARN_UNGUARDED_AVAILABILITY = YES_AGGRESSIVE;
				CLANG_WARN_UNREACHABLE_CODE = YES;
				CLANG_WARN__DUPLICATE_METHOD_MATCH = YES;
				COPY_PHASE_STRIP = NO;
				DEBUG_INFORMATION_FORMAT = "dwarf-with-dsym";
				ENABLE_NS_ASSERTIONS = NO;
				ENABLE_STRICT_OBJC_MSGSEND = YES;
				ENABLE_USER_SCRIPT_SANDBOXING = YES;
				GCC_C_LANGUAGE_STANDARD = gnu17;
				GCC_NO_COMMON_BLOCKS = YES;
				GCC_WARN_64_TO_32_BIT_CONVERSION = YES;
				GCC_WARN_ABOUT_RETURN_TYPE = YES_ERROR;
				GCC_WARN_UNDECLARED_SELECTOR = YES;
				GCC_WARN_UNINITIALIZED_AUTOS = YES_AGGRESSIVE;
				GCC_WARN_UNUSED_FUNCTION = YES;
				GCC_WARN_UNUSED_VARIABLE = YES;
				IPHONEOS_DEPLOYMENT_TARGET = 17.0;
				LOCALIZATION_PREFERS_STRING_CATALOGS = YES;
				MTL_ENABLE_DEBUG_INFO = NO;
				MTL_FAST_MATH = YES;
				SDKROOT = iphoneos;
				SWIFT_COMPILATION_MODE = wholemodule;
				VALIDATE_PRODUCT = YES;
			};
			name = Release;
		};
		84D3A8762ABC8E910085D24E /* Debug */ = {
			isa = XCBuildConfiguration;
			buildSettings = {
				ASSETCATALOG_COMPILER_APPICON_NAME = AppIcon;
				ASSETCATALOG_COMPILER_GLOBAL_ACCENT_COLOR_NAME = AccentColor;
				CODE_SIGN_STYLE = Automatic;
				CURRENT_PROJECT_VERSION = 1;
				GENERATE_INFOPLIST_FILE = YES;
				INFOPLIST_FILE = "MY CIGARS/Info.plist";
				INFOPLIST_KEY_UIApplicationSupportsIndirectInputEvents = YES;
				INFOPLIST_KEY_UILaunchStoryboardName = LaunchScreen;
				INFOPLIST_KEY_UIMainStoryboardFile = Main;
				INFOPLIST_KEY_UISupportedInterfaceOrientations_iPad = "UIInterfaceOrientationPortrait UIInterfaceOrientationPortraitUpsideDown UIInterfaceOrientationLandscapeLeft UIInterfaceOrientationLandscapeRight";
				INFOPLIST_KEY_UISupportedInterfaceOrientations_iPhone = "UIInterfaceOrientationPortrait UIInterfaceOrientationLandscapeLeft UIInterfaceOrientationLandscapeRight";
				LD_RUNPATH_SEARCH_PATHS = (
					"$(inherited)",
					"@executable_path/Frameworks",
				);
				MARKETING_VERSION = 1.0;
				PRODUCT_BUNDLE_IDENTIFIER = "com.Polovoy.MY-CIGARS";
				PRODUCT_NAME = "$(TARGET_NAME)";
				SWIFT_EMIT_LOC_STRINGS = YES;
				SWIFT_VERSION = 5.0;
				TARGETED_DEVICE_FAMILY = "1,2";
			};
			name = Debug;
		};
		84D3A8772ABC8E910085D24E /* Release */ = {
			isa = XCBuildConfiguration;
			buildSettings = {
				ASSETCATALOG_COMPILER_APPICON_NAME = AppIcon;
				ASSETCATALOG_COMPILER_GLOBAL_ACCENT_COLOR_NAME = AccentColor;
				CODE_SIGN_STYLE = Automatic;
				CURRENT_PROJECT_VERSION = 1;
				GENERATE_INFOPLIST_FILE = YES;
				INFOPLIST_FILE = "MY CIGARS/Info.plist";
				INFOPLIST_KEY_UIApplicationSupportsIndirectInputEvents = YES;
				INFOPLIST_KEY_UILaunchStoryboardName = LaunchScreen;
				INFOPLIST_KEY_UIMainStoryboardFile = Main;
				INFOPLIST_KEY_UISupportedInterfaceOrientations_iPad = "UIInterfaceOrientationPortrait UIInterfaceOrientationPortraitUpsideDown UIInterfaceOrientationLandscapeLeft UIInterfaceOrientationLandscapeRight";
				INFOPLIST_KEY_UISupportedInterfaceOrientations_iPhone = "UIInterfaceOrientationPortrait UIInterfaceOrientationLandscapeLeft UIInterfaceOrientationLandscapeRight";
				LD_RUNPATH_SEARCH_PATHS = (
					"$(inherited)",
					"@executable_path/Frameworks",
				);
				MARKETING_VERSION = 1.0;
				PRODUCT_BUNDLE_IDENTIFIER = "com.Polovoy.MY-CIGARS";
				PRODUCT_NAME = "$(TARGET_NAME)";
				SWIFT_EMIT_LOC_STRINGS = YES;
				SWIFT_VERSION = 5.0;
				TARGETED_DEVICE_FAMILY = "1,2";
			};
			name = Release;
		};
/* End XCBuildConfiguration section */

/* Begin XCConfigurationList section */
		84D3A85C2ABC8E8E0085D24E /* Build configuration list for PBXProject "MY CIGARS" */ = {
			isa = XCConfigurationList;
			buildConfigurations = (
				84D3A8732ABC8E910085D24E /* Debug */,
				84D3A8742ABC8E910085D24E /* Release */,
			);
			defaultConfigurationIsVisible = 0;
			defaultConfigurationName = Release;
		};
		84D3A8752ABC8E910085D24E /* Build configuration list for PBXNativeTarget "MY CIGARS" */ = {
			isa = XCConfigurationList;
			buildConfigurations = (
				84D3A8762ABC8E910085D24E /* Debug */,
				84D3A8772ABC8E910085D24E /* Release */,
			);
			defaultConfigurationIsVisible = 0;
			defaultConfigurationName = Release;
		};
/* End XCConfigurationList section */
	};
	rootObject = 84D3A8592ABC8E8E0085D24E /* Project object */;
}
